
Microsoft Visual Studio Solution File, Format Version 12.00
# Visual Studio 15
VisualStudioVersion = 15.0.28010.2036
MinimumVisualStudioVersion = 10.0.40219.1
Project("{FAE04EC0-301F-11D3-BF4B-00C04F79EFBC}") = "WordList.BusinessLogic", "TextfileWordList\WordList.BusinessLogic.csproj", "{C1BD80BC-BC72-4A2F-A4A2-341D852870EE}"
EndProject
Project("{FAE04EC0-301F-11D3-BF4B-00C04F79EFBC}") = "WordList.UnitTests", "TextfileWordList.UnitTests\WordList.UnitTests.csproj", "{CD69BF43-F1D7-42C5-8E47-272DAD389BFB}"
EndProject
Project("{FAE04EC0-301F-11D3-BF4B-00C04F79EFBC}") = "WordList.Entities", "TextfileWordList.Entities\WordList.Entities.csproj", "{9BC2227E-5D20-4FCD-8AA9-39D8CF635301}"
EndProject
Project("{FAE04EC0-301F-11D3-BF4B-00C04F79EFBC}") = "WordList.Infrastructure", "WordList\WordList.Infrastructure.csproj", "{BFB56CFE-CA5E-498D-95FB-5AEE99895865}"
EndProject
Project("{FAE04EC0-301F-11D3-BF4B-00C04F79EFBC}") = "WordList.Interfaces", "WordList.Interface\WordList.Interfaces.csproj", "{181AB2A4-584D-4AAF-A40B-A01D945E3DDE}"
EndProject
Global
	GlobalSection(SolutionConfigurationPlatforms) = preSolution
		Debug|Any CPU = Debug|Any CPU
		Release|Any CPU = Release|Any CPU
	EndGlobalSection
	GlobalSection(ProjectConfigurationPlatforms) = postSolution
		{C1BD80BC-BC72-4A2F-A4A2-341D852870EE}.Debug|Any CPU.ActiveCfg = Debug|Any CPU
		{C1BD80BC-BC72-4A2F-A4A2-341D852870EE}.Debug|Any CPU.Build.0 = Debug|Any CPU
		{C1BD80BC-BC72-4A2F-A4A2-341D852870EE}.Release|Any CPU.ActiveCfg = Release|Any CPU
		{C1BD80BC-BC72-4A2F-A4A2-341D852870EE}.Release|Any CPU.Build.0 = Release|Any CPU
		{CD69BF43-F1D7-42C5-8E47-272DAD389BFB}.Debug|Any CPU.ActiveCfg = Debug|Any CPU
		{CD69BF43-F1D7-42C5-8E47-272DAD389BFB}.Debug|Any CPU.Build.0 = Debug|Any CPU
		{CD69BF43-F1D7-42C5-8E47-272DAD389BFB}.Release|Any CPU.ActiveCfg = Release|Any CPU
		{CD69BF43-F1D7-42C5-8E47-272DAD389BFB}.Release|Any CPU.Build.0 = Release|Any CPU
		{9BC2227E-5D20-4FCD-8AA9-39D8CF635301}.Debug|Any CPU.ActiveCfg = Debug|Any CPU
		{9BC2227E-5D20-4FCD-8AA9-39D8CF635301}.Debug|Any CPU.Build.0 = Debug|Any CPU
		{9BC2227E-5D20-4FCD-8AA9-39D8CF635301}.Release|Any CPU.ActiveCfg = Release|Any CPU
		{9BC2227E-5D20-4FCD-8AA9-39D8CF635301}.Release|Any CPU.Build.0 = Release|Any CPU
		{BFB56CFE-CA5E-498D-95FB-5AEE99895865}.Debug|Any CPU.ActiveCfg = Debug|Any CPU
		{BFB56CFE-CA5E-498D-95FB-5AEE99895865}.Debug|Any CPU.Build.0 = Debug|Any CPU
		{BFB56CFE-CA5E-498D-95FB-5AEE99895865}.Release|Any CPU.ActiveCfg = Release|Any CPU
		{BFB56CFE-CA5E-498D-95FB-5AEE99895865}.Release|Any CPU.Build.0 = Release|Any CPU
		{181AB2A4-584D-4AAF-A40B-A01D945E3DDE}.Debug|Any CPU.ActiveCfg = Debug|Any CPU
		{181AB2A4-584D-4AAF-A40B-A01D945E3DDE}.Debug|Any CPU.Build.0 = Debug|Any CPU
		{181AB2A4-584D-4AAF-A40B-A01D945E3DDE}.Release|Any CPU.ActiveCfg = Release|Any CPU
		{181AB2A4-584D-4AAF-A40B-A01D945E3DDE}.Release|Any CPU.Build.0 = Release|Any CPU
	EndGlobalSection
	GlobalSection(SolutionProperties) = preSolution
		HideSolutionNode = FALSE
	EndGlobalSection
	GlobalSection(ExtensibilityGlobals) = postSolution
		SolutionGuid = {286027F5-E66F-48A8-9A42-52F5DD6355CC}
	EndGlobalSection
EndGlobal
